// !$*UTF8*$!
{
	archiveVersion = 1;
	classes = {
	};
	objectVersion = 46;
	objects = {

/* Begin PBXBuildFile section */
		494970091E77DD950022DF96 /* Info copy.png in Resources */ = {isa = PBXBuildFile; fileRef = 494970071E77DD950022DF96 /* Info copy.png */; };
		4949700A1E77DD950022DF96 /* settings-512 copy.png in Resources */ = {isa = PBXBuildFile; fileRef = 494970081E77DD950022DF96 /* settings-512 copy.png */; };
		791DA6491E72A3DC0070CB0D /* BuurtViewController.swift in Sources */ = {isa = PBXBuildFile; fileRef = 791DA6451E72A3DC0070CB0D /* BuurtViewController.swift */; };
		791DA64A1E72A3DC0070CB0D /* InfoViewController.swift in Sources */ = {isa = PBXBuildFile; fileRef = 791DA6461E72A3DC0070CB0D /* InfoViewController.swift */; };
		791DA64B1E72A3DC0070CB0D /* ViewController.swift in Sources */ = {isa = PBXBuildFile; fileRef = 791DA6471E72A3DC0070CB0D /* ViewController.swift */; };
		791DA64C1E72A3DC0070CB0D /* ZoekenViewController.swift in Sources */ = {isa = PBXBuildFile; fileRef = 791DA6481E72A3DC0070CB0D /* ZoekenViewController.swift */; };
		791DA68F1E72A3F40070CB0D /* about.png in Resources */ = {isa = PBXBuildFile; fileRef = 791DA64D1E72A3F40070CB0D /* about.png */; };
		791DA6901E72A3F50070CB0D /* abt.png in Resources */ = {isa = PBXBuildFile; fileRef = 791DA64E1E72A3F40070CB0D /* abt.png */; };
		791DA6911E72A3F50070CB0D /* accesseable.png in Resources */ = {isa = PBXBuildFile; fileRef = 791DA64F1E72A3F40070CB0D /* accesseable.png */; };
		791DA6921E72A3F50070CB0D /* addFavoriet.png in Resources */ = {isa = PBXBuildFile; fileRef = 791DA6501E72A3F40070CB0D /* addFavoriet.png */; };
		791DA6931E72A3F50070CB0D /* Apptile.png in Resources */ = {isa = PBXBuildFile; fileRef = 791DA6511E72A3F40070CB0D /* Apptile.png */; };
		791DA6941E72A3F50070CB0D /* Back.png in Resources */ = {isa = PBXBuildFile; fileRef = 791DA6521E72A3F40070CB0D /* Back.png */; };
		791DA6951E72A3F50070CB0D /* bg_min.jpg in Resources */ = {isa = PBXBuildFile; fileRef = 791DA6531E72A3F40070CB0D /* bg_min.jpg */; };
		791DA6961E72A3F50070CB0D /* bike.png in Resources */ = {isa = PBXBuildFile; fileRef = 791DA6541E72A3F40070CB0D /* bike.png */; };
		791DA6971E72A3F50070CB0D /* car.png in Resources */ = {isa = PBXBuildFile; fileRef = 791DA6551E72A3F40070CB0D /* car.png */; };
		791DA6981E72A3F50070CB0D /* dekust.png in Resources */ = {isa = PBXBuildFile; fileRef = 791DA6561E72A3F40070CB0D /* dekust.png */; };
		791DA6991E72A3F50070CB0D /* deleteFavoriet.png in Resources */ = {isa = PBXBuildFile; fileRef = 791DA6571E72A3F40070CB0D /* deleteFavoriet.png */; };
		791DA69A1E72A3F50070CB0D /* duim_groen.png in Resources */ = {isa = PBXBuildFile; fileRef = 791DA6581E72A3F40070CB0D /* duim_groen.png */; };
		791DA69B1E72A3F50070CB0D /* duim_oranje.png in Resources */ = {isa = PBXBuildFile; fileRef = 791DA6591E72A3F40070CB0D /* duim_oranje.png */; };
		791DA69C1E72A3F50070CB0D /* duim_rood.png in Resources */ = {isa = PBXBuildFile; fileRef = 791DA65A1E72A3F40070CB0D /* duim_rood.png */; };
		791DA69D1E72A3F50070CB0D /* Erasmus.png in Resources */ = {isa = PBXBuildFile; fileRef = 791DA65B1E72A3F40070CB0D /* Erasmus.png */; };
		791DA69E1E72A3F50070CB0D /* favorites.png in Resources */ = {isa = PBXBuildFile; fileRef = 791DA65C1E72A3F40070CB0D /* favorites.png */; };
		791DA69F1E72A3F50070CB0D /* fvrts.png in Resources */ = {isa = PBXBuildFile; fileRef = 791DA65D1E72A3F40070CB0D /* fvrts.png */; };
		791DA6A01E72A3F50070CB0D /* helling.png in Resources */ = {isa = PBXBuildFile; fileRef = 791DA65E1E72A3F40070CB0D /* helling.png */; };
		791DA6A11E72A3F50070CB0D /* home.png in Resources */ = {isa = PBXBuildFile; fileRef = 791DA65F1E72A3F40070CB0D /* home.png */; };
		791DA6A21E72A3F50070CB0D /* inDeBuurt.png in Resources */ = {isa = PBXBuildFile; fileRef = 791DA6601E72A3F40070CB0D /* inDeBuurt.png */; };
		791DA6A31E72A3F50070CB0D /* Info.png in Resources */ = {isa = PBXBuildFile; fileRef = 791DA6611E72A3F40070CB0D /* Info.png */; };
		791DA6A41E72A3F50070CB0D /* inter.png in Resources */ = {isa = PBXBuildFile; fileRef = 791DA6621E72A3F40070CB0D /* inter.png */; };
		791DA6A51E72A3F50070CB0D /* label_a_neutraal.jpg in Resources */ = {isa = PBXBuildFile; fileRef = 791DA6631E72A3F40070CB0D /* label_a_neutraal.jpg */; };
		791DA6A61E72A3F50070CB0D /* label_a_plus.jpg in Resources */ = {isa = PBXBuildFile; fileRef = 791DA6641E72A3F40070CB0D /* label_a_plus.jpg */; };
		791DA6A71E72A3F50070CB0D /* label_informatief.jpg in Resources */ = {isa = PBXBuildFile; fileRef = 791DA6651E72A3F40070CB0D /* label_informatief.jpg */; };
		791DA6A81E72A3F50070CB0D /* m1.png in Resources */ = {isa = PBXBuildFile; fileRef = 791DA6661E72A3F40070CB0D /* m1.png */; };
		791DA6A91E72A3F50070CB0D /* m2.png in Resources */ = {isa = PBXBuildFile; fileRef = 791DA6671E72A3F40070CB0D /* m2.png */; };
		791DA6AA1E72A3F50070CB0D /* m3.png in Resources */ = {isa = PBXBuildFile; fileRef = 791DA6681E72A3F40070CB0D /* m3.png */; };
		791DA6AB1E72A3F50070CB0D /* m4.png in Resources */ = {isa = PBXBuildFile; fileRef = 791DA6691E72A3F40070CB0D /* m4.png */; };
		791DA6AC1E72A3F50070CB0D /* m5.png in Resources */ = {isa = PBXBuildFile; fileRef = 791DA66A1E72A3F40070CB0D /* m5.png */; };
		791DA6AD1E72A3F50070CB0D /* min_inv.png in Resources */ = {isa = PBXBuildFile; fileRef = 791DA66B1E72A3F40070CB0D /* min_inv.png */; };
		791DA6AE1E72A3F50070CB0D /* min.png in Resources */ = {isa = PBXBuildFile; fileRef = 791DA66C1E72A3F40070CB0D /* min.png */; };
		791DA6AF1E72A3F50070CB0D /* myMarker.png in Resources */ = {isa = PBXBuildFile; fileRef = 791DA66D1E72A3F40070CB0D /* myMarker.png */; };
		791DA6B01E72A3F50070CB0D /* parking.png in Resources */ = {isa = PBXBuildFile; fileRef = 791DA66E1E72A3F40070CB0D /* parking.png */; };
		791DA6B11E72A3F50070CB0D /* pijl.svg in Resources */ = {isa = PBXBuildFile; fileRef = 791DA66F1E72A3F40070CB0D /* pijl.svg */; };
		791DA6B21E72A3F50070CB0D /* PlaceIcon.png in Resources */ = {isa = PBXBuildFile; fileRef = 791DA6701E72A3F40070CB0D /* PlaceIcon.png */; };
		791DA6B31E72A3F50070CB0D /* plus_inv.png in Resources */ = {isa = PBXBuildFile; fileRef = 791DA6711E72A3F40070CB0D /* plus_inv.png */; };
		791DA6B41E72A3F50070CB0D /* plus.png in Resources */ = {isa = PBXBuildFile; fileRef = 791DA6721E72A3F40070CB0D /* plus.png */; };
		791DA6B51E72A3F50070CB0D /* POI.png in Resources */ = {isa = PBXBuildFile; fileRef = 791DA6731E72A3F40070CB0D /* POI.png */; };
		791DA6B61E72A3F50070CB0D /* profielTop.png in Resources */ = {isa = PBXBuildFile; fileRef = 791DA6741E72A3F40070CB0D /* profielTop.png */; };
		791DA6B71E72A3F50070CB0D /* profile.png in Resources */ = {isa = PBXBuildFile; fileRef = 791DA6751E72A3F40070CB0D /* profile.png */; };
		791DA6B81E72A3F50070CB0D /* recent_Kleur.png in Resources */ = {isa = PBXBuildFile; fileRef = 791DA6761E72A3F40070CB0D /* recent_Kleur.png */; };
		791DA6B91E72A3F50070CB0D /* recent.png in Resources */ = {isa = PBXBuildFile; fileRef = 791DA6771E72A3F40070CB0D /* recent.png */; };
		791DA6BA1E72A3F50070CB0D /* RecenteLocatie.png in Resources */ = {isa = PBXBuildFile; fileRef = 791DA6781E72A3F40070CB0D /* RecenteLocatie.png */; };
		791DA6BB1E72A3F50070CB0D /* Restaurant.png in Resources */ = {isa = PBXBuildFile; fileRef = 791DA6791E72A3F40070CB0D /* Restaurant.png */; };
		791DA6BC1E72A3F50070CB0D /* Sanitair.png in Resources */ = {isa = PBXBuildFile; fileRef = 791DA67A1E72A3F40070CB0D /* Sanitair.png */; };
		791DA6BD1E72A3F50070CB0D /* search_transp_white.png in Resources */ = {isa = PBXBuildFile; fileRef = 791DA67B1E72A3F40070CB0D /* search_transp_white.png */; };
		791DA6BE1E72A3F50070CB0D /* search.png in Resources */ = {isa = PBXBuildFile; fileRef = 791DA67C1E72A3F40070CB0D /* search.png */; };
		791DA6BF1E72A3F50070CB0D /* settings.png in Resources */ = {isa = PBXBuildFile; fileRef = 791DA67D1E72A3F40070CB0D /* settings.png */; };
		791DA6C01E72A3F50070CB0D /* sleep.png in Resources */ = {isa = PBXBuildFile; fileRef = 791DA67E1E72A3F40070CB0D /* sleep.png */; };
		791DA6C11E72A3F50070CB0D /* spinner.png in Resources */ = {isa = PBXBuildFile; fileRef = 791DA67F1E72A3F40070CB0D /* spinner.png */; };
		791DA6C21E72A3F50070CB0D /* State-of-the-art_full_hor.jpg in Resources */ = {isa = PBXBuildFile; fileRef = 791DA6801E72A3F40070CB0D /* State-of-the-art_full_hor.jpg */; };
		791DA6C31E72A3F50070CB0D /* tram.png in Resources */ = {isa = PBXBuildFile; fileRef = 791DA6811E72A3F40070CB0D /* tram.png */; };
		791DA6C41E72A3F50070CB0D /* voldoet.png in Resources */ = {isa = PBXBuildFile; fileRef = 791DA6821E72A3F40070CB0D /* voldoet.png */; };
		791DA6C51E72A3F50070CB0D /* voldoetNiet.png in Resources */ = {isa = PBXBuildFile; fileRef = 791DA6831E72A3F40070CB0D /* voldoetNiet.png */; };
		791DA6C61E72A3F50070CB0D /* voldoetNietTransp.png in Resources */ = {isa = PBXBuildFile; fileRef = 791DA6841E72A3F40070CB0D /* voldoetNietTransp.png */; };
		791DA6C71E72A3F50070CB0D /* voldoetNietTranspWhite.png in Resources */ = {isa = PBXBuildFile; fileRef = 791DA6851E72A3F40070CB0D /* voldoetNietTranspWhite.png */; };
		791DA6C81E72A3F50070CB0D /* voldoetTransp.png in Resources */ = {isa = PBXBuildFile; fileRef = 791DA6861E72A3F40070CB0D /* voldoetTransp.png */; };
		791DA6C91E72A3F50070CB0D /* voldoetTranspWhite.png in Resources */ = {isa = PBXBuildFile; fileRef = 791DA6871E72A3F40070CB0D /* voldoetTranspWhite.png */; };
		791DA6CA1E72A3F50070CB0D /* volgend.png in Resources */ = {isa = PBXBuildFile; fileRef = 791DA6881E72A3F40070CB0D /* volgend.png */; };
		791DA6CB1E72A3F50070CB0D /* vorig.png in Resources */ = {isa = PBXBuildFile; fileRef = 791DA6891E72A3F40070CB0D /* vorig.png */; };
		791DA6CC1E72A3F50070CB0D /* walk.png in Resources */ = {isa = PBXBuildFile; fileRef = 791DA68A1E72A3F40070CB0D /* walk.png */; };
		791DA6CD1E72A3F50070CB0D /* westvlaanderen.png in Resources */ = {isa = PBXBuildFile; fileRef = 791DA68B1E72A3F40070CB0D /* westvlaanderen.png */; };
		791DA6CE1E72A3F50070CB0D /* zeesterKleur.png in Resources */ = {isa = PBXBuildFile; fileRef = 791DA68C1E72A3F40070CB0D /* zeesterKleur.png */; };
		791DA6CF1E72A3F50070CB0D /* ZeesterKleurFavoriet.png in Resources */ = {isa = PBXBuildFile; fileRef = 791DA68D1E72A3F40070CB0D /* ZeesterKleurFavoriet.png */; };
		791DA6D01E72A3F50070CB0D /* ZZZ.png in Resources */ = {isa = PBXBuildFile; fileRef = 791DA68E1E72A3F40070CB0D /* ZZZ.png */; };
		7925B9EA1E77FA6D000202FF /* Favorieten.swift in Sources */ = {isa = PBXBuildFile; fileRef = 7925B9E91E77FA6D000202FF /* Favorieten.swift */; };
		7925B9EC1E77FA7A000202FF /* DAOFavorieten.swift in Sources */ = {isa = PBXBuildFile; fileRef = 7925B9EB1E77FA7A000202FF /* DAOFavorieten.swift */; };
		7925B9EE1E77FCEE000202FF /* DAORecent.swift in Sources */ = {isa = PBXBuildFile; fileRef = 7925B9ED1E77FCEE000202FF /* DAORecent.swift */; };
		7925B9F01E77FCF6000202FF /* Recent.swift in Sources */ = {isa = PBXBuildFile; fileRef = 7925B9EF1E77FCF6000202FF /* Recent.swift */; };
		7925B9F31E7817D0000202FF /* Info copy.png in Resources */ = {isa = PBXBuildFile; fileRef = 7925B9F11E7817D0000202FF /* Info copy.png */; };
		7925B9F41E7817D0000202FF /* settings-512 copy.png in Resources */ = {isa = PBXBuildFile; fileRef = 7925B9F21E7817D0000202FF /* settings-512 copy.png */; };
		79A923EC1E72BEDF0079B993 /* BuurtCategorieënViewController.swift in Sources */ = {isa = PBXBuildFile; fileRef = 79A923EB1E72BEDF0079B993 /* BuurtCategorieënViewController.swift */; };
		79CC2FBC1E7147E700151B6D /* AppDelegate.swift in Sources */ = {isa = PBXBuildFile; fileRef = 79CC2FBB1E7147E700151B6D /* AppDelegate.swift */; };
		79CC2FBE1E7147E700151B6D /* TramViewController.swift in Sources */ = {isa = PBXBuildFile; fileRef = 79CC2FBD1E7147E700151B6D /* TramViewController.swift */; };
		79CC2FC11E7147E700151B6D /* Main.storyboard in Resources */ = {isa = PBXBuildFile; fileRef = 79CC2FBF1E7147E700151B6D /* Main.storyboard */; };
		79CC2FC41E7147E700151B6D /* TestAccesseableREST.xcdatamodeld in Sources */ = {isa = PBXBuildFile; fileRef = 79CC2FC21E7147E700151B6D /* TestAccesseableREST.xcdatamodeld */; };
		79CC2FC61E7147E700151B6D /* Assets.xcassets in Resources */ = {isa = PBXBuildFile; fileRef = 79CC2FC51E7147E700151B6D /* Assets.xcassets */; };
		79CC2FC91E7147E700151B6D /* LaunchScreen.storyboard in Resources */ = {isa = PBXBuildFile; fileRef = 79CC2FC71E7147E700151B6D /* LaunchScreen.storyboard */; };
		79CC2FD11E714DB900151B6D /* DAO.swift in Sources */ = {isa = PBXBuildFile; fileRef = 79CC2FD01E714DB900151B6D /* DAO.swift */; };
		79CC2FD31E71504900151B6D /* JSONParser.swift in Sources */ = {isa = PBXBuildFile; fileRef = 79CC2FD21E71504900151B6D /* JSONParser.swift */; };
		79E469401E769974004B2FA9 /* Annotation.swift in Sources */ = {isa = PBXBuildFile; fileRef = 79E4693F1E769974004B2FA9 /* Annotation.swift */; };
/* End PBXBuildFile section */

/* Begin PBXFileReference section */
		494970071E77DD950022DF96 /* Info copy.png */ = {isa = PBXFileReference; lastKnownFileType = image.png; name = "Info copy.png"; path = "../../Downloads/Info copy.png"; sourceTree = "<group>"; };
		494970081E77DD950022DF96 /* settings-512 copy.png */ = {isa = PBXFileReference; lastKnownFileType = image.png; name = "settings-512 copy.png"; path = "../../Downloads/settings-512 copy.png"; sourceTree = "<group>"; };
		791DA6451E72A3DC0070CB0D /* BuurtViewController.swift */ = {isa = PBXFileReference; fileEncoding = 4; lastKnownFileType = sourcecode.swift; name = BuurtViewController.swift; path = TestAccesseableREST/BuurtViewController.swift; sourceTree = "<group>"; };
		791DA6461E72A3DC0070CB0D /* InfoViewController.swift */ = {isa = PBXFileReference; fileEncoding = 4; lastKnownFileType = sourcecode.swift; name = InfoViewController.swift; path = TestAccesseableREST/InfoViewController.swift; sourceTree = "<group>"; };
		791DA6471E72A3DC0070CB0D /* ViewController.swift */ = {isa = PBXFileReference; fileEncoding = 4; lastKnownFileType = sourcecode.swift; name = ViewController.swift; path = TestAccesseableREST/ViewController.swift; sourceTree = "<group>"; };
		791DA6481E72A3DC0070CB0D /* ZoekenViewController.swift */ = {isa = PBXFileReference; fileEncoding = 4; lastKnownFileType = sourcecode.swift; name = ZoekenViewController.swift; path = TestAccesseableREST/ZoekenViewController.swift; sourceTree = "<group>"; };
		791DA64D1E72A3F40070CB0D /* about.png */ = {isa = PBXFileReference; lastKnownFileType = image.png; name = about.png; path = TestAccesseableREST/assets/about.png; sourceTree = "<group>"; };
		791DA64E1E72A3F40070CB0D /* abt.png */ = {isa = PBXFileReference; lastKnownFileType = image.png; name = abt.png; path = TestAccesseableREST/assets/abt.png; sourceTree = "<group>"; };
		791DA64F1E72A3F40070CB0D /* accesseable.png */ = {isa = PBXFileReference; lastKnownFileType = image.png; name = accesseable.png; path = TestAccesseableREST/assets/accesseable.png; sourceTree = "<group>"; };
		791DA6501E72A3F40070CB0D /* addFavoriet.png */ = {isa = PBXFileReference; lastKnownFileType = image.png; name = addFavoriet.png; path = TestAccesseableREST/assets/addFavoriet.png; sourceTree = "<group>"; };
		791DA6511E72A3F40070CB0D /* Apptile.png */ = {isa = PBXFileReference; lastKnownFileType = image.png; name = Apptile.png; path = TestAccesseableREST/assets/Apptile.png; sourceTree = "<group>"; };
		791DA6521E72A3F40070CB0D /* Back.png */ = {isa = PBXFileReference; lastKnownFileType = image.png; name = Back.png; path = TestAccesseableREST/assets/Back.png; sourceTree = "<group>"; };
		791DA6531E72A3F40070CB0D /* bg_min.jpg */ = {isa = PBXFileReference; lastKnownFileType = image.jpeg; name = bg_min.jpg; path = TestAccesseableREST/assets/bg_min.jpg; sourceTree = "<group>"; };
		791DA6541E72A3F40070CB0D /* bike.png */ = {isa = PBXFileReference; lastKnownFileType = image.png; name = bike.png; path = TestAccesseableREST/assets/bike.png; sourceTree = "<group>"; };
		791DA6551E72A3F40070CB0D /* car.png */ = {isa = PBXFileReference; lastKnownFileType = image.png; name = car.png; path = TestAccesseableREST/assets/car.png; sourceTree = "<group>"; };
		791DA6561E72A3F40070CB0D /* dekust.png */ = {isa = PBXFileReference; lastKnownFileType = image.png; name = dekust.png; path = TestAccesseableREST/assets/dekust.png; sourceTree = "<group>"; };
		791DA6571E72A3F40070CB0D /* deleteFavoriet.png */ = {isa = PBXFileReference; lastKnownFileType = image.png; name = deleteFavoriet.png; path = TestAccesseableREST/assets/deleteFavoriet.png; sourceTree = "<group>"; };
		791DA6581E72A3F40070CB0D /* duim_groen.png */ = {isa = PBXFileReference; lastKnownFileType = image.png; name = duim_groen.png; path = TestAccesseableREST/assets/duim_groen.png; sourceTree = "<group>"; };
		791DA6591E72A3F40070CB0D /* duim_oranje.png */ = {isa = PBXFileReference; lastKnownFileType = image.png; name = duim_oranje.png; path = TestAccesseableREST/assets/duim_oranje.png; sourceTree = "<group>"; };
		791DA65A1E72A3F40070CB0D /* duim_rood.png */ = {isa = PBXFileReference; lastKnownFileType = image.png; name = duim_rood.png; path = TestAccesseableREST/assets/duim_rood.png; sourceTree = "<group>"; };
		791DA65B1E72A3F40070CB0D /* Erasmus.png */ = {isa = PBXFileReference; lastKnownFileType = image.png; name = Erasmus.png; path = TestAccesseableREST/assets/Erasmus.png; sourceTree = "<group>"; };
		791DA65C1E72A3F40070CB0D /* favorites.png */ = {isa = PBXFileReference; lastKnownFileType = image.png; name = favorites.png; path = TestAccesseableREST/assets/favorites.png; sourceTree = "<group>"; };
		791DA65D1E72A3F40070CB0D /* fvrts.png */ = {isa = PBXFileReference; lastKnownFileType = image.png; name = fvrts.png; path = TestAccesseableREST/assets/fvrts.png; sourceTree = "<group>"; };
		791DA65E1E72A3F40070CB0D /* helling.png */ = {isa = PBXFileReference; lastKnownFileType = image.png; name = helling.png; path = TestAccesseableREST/assets/helling.png; sourceTree = "<group>"; };
		791DA65F1E72A3F40070CB0D /* home.png */ = {isa = PBXFileReference; lastKnownFileType = image.png; name = home.png; path = TestAccesseableREST/assets/home.png; sourceTree = "<group>"; };
		791DA6601E72A3F40070CB0D /* inDeBuurt.png */ = {isa = PBXFileReference; lastKnownFileType = image.png; name = inDeBuurt.png; path = TestAccesseableREST/assets/inDeBuurt.png; sourceTree = "<group>"; };
		791DA6611E72A3F40070CB0D /* Info.png */ = {isa = PBXFileReference; lastKnownFileType = image.png; name = Info.png; path = TestAccesseableREST/assets/Info.png; sourceTree = "<group>"; };
		791DA6621E72A3F40070CB0D /* inter.png */ = {isa = PBXFileReference; lastKnownFileType = image.png; name = inter.png; path = TestAccesseableREST/assets/inter.png; sourceTree = "<group>"; };
		791DA6631E72A3F40070CB0D /* label_a_neutraal.jpg */ = {isa = PBXFileReference; lastKnownFileType = image.jpeg; name = label_a_neutraal.jpg; path = TestAccesseableREST/assets/label_a_neutraal.jpg; sourceTree = "<group>"; };
		791DA6641E72A3F40070CB0D /* label_a_plus.jpg */ = {isa = PBXFileReference; lastKnownFileType = image.jpeg; name = label_a_plus.jpg; path = TestAccesseableREST/assets/label_a_plus.jpg; sourceTree = "<group>"; };
		791DA6651E72A3F40070CB0D /* label_informatief.jpg */ = {isa = PBXFileReference; lastKnownFileType = image.jpeg; name = label_informatief.jpg; path = TestAccesseableREST/assets/label_informatief.jpg; sourceTree = "<group>"; };
		791DA6661E72A3F40070CB0D /* m1.png */ = {isa = PBXFileReference; lastKnownFileType = image.png; name = m1.png; path = TestAccesseableREST/assets/m1.png; sourceTree = "<group>"; };
		791DA6671E72A3F40070CB0D /* m2.png */ = {isa = PBXFileReference; lastKnownFileType = image.png; name = m2.png; path = TestAccesseableREST/assets/m2.png; sourceTree = "<group>"; };
		791DA6681E72A3F40070CB0D /* m3.png */ = {isa = PBXFileReference; lastKnownFileType = image.png; name = m3.png; path = TestAccesseableREST/assets/m3.png; sourceTree = "<group>"; };
		791DA6691E72A3F40070CB0D /* m4.png */ = {isa = PBXFileReference; lastKnownFileType = image.png; name = m4.png; path = TestAccesseableREST/assets/m4.png; sourceTree = "<group>"; };
		791DA66A1E72A3F40070CB0D /* m5.png */ = {isa = PBXFileReference; lastKnownFileType = image.png; name = m5.png; path = TestAccesseableREST/assets/m5.png; sourceTree = "<group>"; };
		791DA66B1E72A3F40070CB0D /* min_inv.png */ = {isa = PBXFileReference; lastKnownFileType = image.png; name = min_inv.png; path = TestAccesseableREST/assets/min_inv.png; sourceTree = "<group>"; };
		791DA66C1E72A3F40070CB0D /* min.png */ = {isa = PBXFileReference; lastKnownFileType = image.png; name = min.png; path = TestAccesseableREST/assets/min.png; sourceTree = "<group>"; };
		791DA66D1E72A3F40070CB0D /* myMarker.png */ = {isa = PBXFileReference; lastKnownFileType = image.png; name = myMarker.png; path = TestAccesseableREST/assets/myMarker.png; sourceTree = "<group>"; };
		791DA66E1E72A3F40070CB0D /* parking.png */ = {isa = PBXFileReference; lastKnownFileType = image.png; name = parking.png; path = TestAccesseableREST/assets/parking.png; sourceTree = "<group>"; };
		791DA66F1E72A3F40070CB0D /* pijl.svg */ = {isa = PBXFileReference; fileEncoding = 4; lastKnownFileType = text.xml; name = pijl.svg; path = TestAccesseableREST/assets/pijl.svg; sourceTree = "<group>"; };
		791DA6701E72A3F40070CB0D /* PlaceIcon.png */ = {isa = PBXFileReference; lastKnownFileType = image.png; name = PlaceIcon.png; path = TestAccesseableREST/assets/PlaceIcon.png; sourceTree = "<group>"; };
		791DA6711E72A3F40070CB0D /* plus_inv.png */ = {isa = PBXFileReference; lastKnownFileType = image.png; name = plus_inv.png; path = TestAccesseableREST/assets/plus_inv.png; sourceTree = "<group>"; };
		791DA6721E72A3F40070CB0D /* plus.png */ = {isa = PBXFileReference; lastKnownFileType = image.png; name = plus.png; path = TestAccesseableREST/assets/plus.png; sourceTree = "<group>"; };
		791DA6731E72A3F40070CB0D /* POI.png */ = {isa = PBXFileReference; lastKnownFileType = image.png; name = POI.png; path = TestAccesseableREST/assets/POI.png; sourceTree = "<group>"; };
		791DA6741E72A3F40070CB0D /* profielTop.png */ = {isa = PBXFileReference; lastKnownFileType = image.png; name = profielTop.png; path = TestAccesseableREST/assets/profielTop.png; sourceTree = "<group>"; };
		791DA6751E72A3F40070CB0D /* profile.png */ = {isa = PBXFileReference; lastKnownFileType = image.png; name = profile.png; path = TestAccesseableREST/assets/profile.png; sourceTree = "<group>"; };
		791DA6761E72A3F40070CB0D /* recent_Kleur.png */ = {isa = PBXFileReference; lastKnownFileType = image.png; name = recent_Kleur.png; path = TestAccesseableREST/assets/recent_Kleur.png; sourceTree = "<group>"; };
		791DA6771E72A3F40070CB0D /* recent.png */ = {isa = PBXFileReference; lastKnownFileType = image.png; name = recent.png; path = TestAccesseableREST/assets/recent.png; sourceTree = "<group>"; };
		791DA6781E72A3F40070CB0D /* RecenteLocatie.png */ = {isa = PBXFileReference; lastKnownFileType = image.png; name = RecenteLocatie.png; path = TestAccesseableREST/assets/RecenteLocatie.png; sourceTree = "<group>"; };
		791DA6791E72A3F40070CB0D /* Restaurant.png */ = {isa = PBXFileReference; lastKnownFileType = image.png; name = Restaurant.png; path = TestAccesseableREST/assets/Restaurant.png; sourceTree = "<group>"; };
		791DA67A1E72A3F40070CB0D /* Sanitair.png */ = {isa = PBXFileReference; lastKnownFileType = image.png; name = Sanitair.png; path = TestAccesseableREST/assets/Sanitair.png; sourceTree = "<group>"; };
		791DA67B1E72A3F40070CB0D /* search_transp_white.png */ = {isa = PBXFileReference; lastKnownFileType = image.png; name = search_transp_white.png; path = TestAccesseableREST/assets/search_transp_white.png; sourceTree = "<group>"; };
		791DA67C1E72A3F40070CB0D /* search.png */ = {isa = PBXFileReference; lastKnownFileType = image.png; name = search.png; path = TestAccesseableREST/assets/search.png; sourceTree = "<group>"; };
		791DA67D1E72A3F40070CB0D /* settings.png */ = {isa = PBXFileReference; lastKnownFileType = image.png; name = settings.png; path = TestAccesseableREST/assets/settings.png; sourceTree = "<group>"; };
		791DA67E1E72A3F40070CB0D /* sleep.png */ = {isa = PBXFileReference; lastKnownFileType = image.png; name = sleep.png; path = TestAccesseableREST/assets/sleep.png; sourceTree = "<group>"; };
		791DA67F1E72A3F40070CB0D /* spinner.png */ = {isa = PBXFileReference; lastKnownFileType = image.png; name = spinner.png; path = TestAccesseableREST/assets/spinner.png; sourceTree = "<group>"; };
		791DA6801E72A3F40070CB0D /* State-of-the-art_full_hor.jpg */ = {isa = PBXFileReference; lastKnownFileType = image.jpeg; name = "State-of-the-art_full_hor.jpg"; path = "TestAccesseableREST/assets/State-of-the-art_full_hor.jpg"; sourceTree = "<group>"; };
		791DA6811E72A3F40070CB0D /* tram.png */ = {isa = PBXFileReference; lastKnownFileType = image.png; name = tram.png; path = TestAccesseableREST/assets/tram.png; sourceTree = "<group>"; };
		791DA6821E72A3F40070CB0D /* voldoet.png */ = {isa = PBXFileReference; lastKnownFileType = image.png; name = voldoet.png; path = TestAccesseableREST/assets/voldoet.png; sourceTree = "<group>"; };
		791DA6831E72A3F40070CB0D /* voldoetNiet.png */ = {isa = PBXFileReference; lastKnownFileType = image.png; name = voldoetNiet.png; path = TestAccesseableREST/assets/voldoetNiet.png; sourceTree = "<group>"; };
		791DA6841E72A3F40070CB0D /* voldoetNietTransp.png */ = {isa = PBXFileReference; lastKnownFileType = image.png; name = voldoetNietTransp.png; path = TestAccesseableREST/assets/voldoetNietTransp.png; sourceTree = "<group>"; };
		791DA6851E72A3F40070CB0D /* voldoetNietTranspWhite.png */ = {isa = PBXFileReference; lastKnownFileType = image.png; name = voldoetNietTranspWhite.png; path = TestAccesseableREST/assets/voldoetNietTranspWhite.png; sourceTree = "<group>"; };
		791DA6861E72A3F40070CB0D /* voldoetTransp.png */ = {isa = PBXFileReference; lastKnownFileType = image.png; name = voldoetTransp.png; path = TestAccesseableREST/assets/voldoetTransp.png; sourceTree = "<group>"; };
		791DA6871E72A3F40070CB0D /* voldoetTranspWhite.png */ = {isa = PBXFileReference; lastKnownFileType = image.png; name = voldoetTranspWhite.png; path = TestAccesseableREST/assets/voldoetTranspWhite.png; sourceTree = "<group>"; };
		791DA6881E72A3F40070CB0D /* volgend.png */ = {isa = PBXFileReference; lastKnownFileType = image.png; name = volgend.png; path = TestAccesseableREST/assets/volgend.png; sourceTree = "<group>"; };
		791DA6891E72A3F40070CB0D /* vorig.png */ = {isa = PBXFileReference; lastKnownFileType = image.png; name = vorig.png; path = TestAccesseableREST/assets/vorig.png; sourceTree = "<group>"; };
		791DA68A1E72A3F40070CB0D /* walk.png */ = {isa = PBXFileReference; lastKnownFileType = image.png; name = walk.png; path = TestAccesseableREST/assets/walk.png; sourceTree = "<group>"; };
		791DA68B1E72A3F40070CB0D /* westvlaanderen.png */ = {isa = PBXFileReference; lastKnownFileType = image.png; name = westvlaanderen.png; path = TestAccesseableREST/assets/westvlaanderen.png; sourceTree = "<group>"; };
		791DA68C1E72A3F40070CB0D /* zeesterKleur.png */ = {isa = PBXFileReference; lastKnownFileType = image.png; name = zeesterKleur.png; path = TestAccesseableREST/assets/zeesterKleur.png; sourceTree = "<group>"; };
		791DA68D1E72A3F40070CB0D /* ZeesterKleurFavoriet.png */ = {isa = PBXFileReference; lastKnownFileType = image.png; name = ZeesterKleurFavoriet.png; path = TestAccesseableREST/assets/ZeesterKleurFavoriet.png; sourceTree = "<group>"; };
		791DA68E1E72A3F40070CB0D /* ZZZ.png */ = {isa = PBXFileReference; lastKnownFileType = image.png; name = ZZZ.png; path = TestAccesseableREST/assets/ZZZ.png; sourceTree = "<group>"; };
		7925B9E91E77FA6D000202FF /* Favorieten.swift */ = {isa = PBXFileReference; fileEncoding = 4; lastKnownFileType = sourcecode.swift; name = Favorieten.swift; path = TestAccesseableREST/Favorieten.swift; sourceTree = "<group>"; };
		7925B9EB1E77FA7A000202FF /* DAOFavorieten.swift */ = {isa = PBXFileReference; fileEncoding = 4; lastKnownFileType = sourcecode.swift; path = DAOFavorieten.swift; sourceTree = "<group>"; };
		7925B9ED1E77FCEE000202FF /* DAORecent.swift */ = {isa = PBXFileReference; fileEncoding = 4; lastKnownFileType = sourcecode.swift; path = DAORecent.swift; sourceTree = "<group>"; };
		7925B9EF1E77FCF6000202FF /* Recent.swift */ = {isa = PBXFileReference; fileEncoding = 4; lastKnownFileType = sourcecode.swift; path = Recent.swift; sourceTree = "<group>"; };
		7925B9F11E7817D0000202FF /* Info copy.png */ = {isa = PBXFileReference; lastKnownFileType = image.png; path = "Info copy.png"; sourceTree = "<group>"; };
		7925B9F21E7817D0000202FF /* settings-512 copy.png */ = {isa = PBXFileReference; lastKnownFileType = image.png; path = "settings-512 copy.png"; sourceTree = "<group>"; };
		79A923EB1E72BEDF0079B993 /* BuurtCategorieënViewController.swift */ = {isa = PBXFileReference; fileEncoding = 4; lastKnownFileType = sourcecode.swift; name = "BuurtCategorieënViewController.swift"; path = "TestAccesseableREST/BuurtCategorieënViewController.swift"; sourceTree = "<group>"; };
		79CC2FB81E7147E600151B6D /* TestAccesseableREST.app */ = {isa = PBXFileReference; explicitFileType = wrapper.application; includeInIndex = 0; path = TestAccesseableREST.app; sourceTree = BUILT_PRODUCTS_DIR; };
		79CC2FBB1E7147E700151B6D /* AppDelegate.swift */ = {isa = PBXFileReference; lastKnownFileType = sourcecode.swift; path = AppDelegate.swift; sourceTree = "<group>"; };
		79CC2FBD1E7147E700151B6D /* TramViewController.swift */ = {isa = PBXFileReference; lastKnownFileType = sourcecode.swift; name = TramViewController.swift; path = TestAccesseableREST/TramViewController.swift; sourceTree = "<group>"; };
		79CC2FC01E7147E700151B6D /* Base */ = {isa = PBXFileReference; lastKnownFileType = file.storyboard; name = Base; path = Base.lproj/Main.storyboard; sourceTree = "<group>"; };
		79CC2FC31E7147E700151B6D /* TestAccesseableREST.xcdatamodel */ = {isa = PBXFileReference; lastKnownFileType = wrapper.xcdatamodel; path = TestAccesseableREST.xcdatamodel; sourceTree = "<group>"; };
		79CC2FC51E7147E700151B6D /* Assets.xcassets */ = {isa = PBXFileReference; lastKnownFileType = folder.assetcatalog; path = Assets.xcassets; sourceTree = "<group>"; };
		79CC2FC81E7147E700151B6D /* Base */ = {isa = PBXFileReference; lastKnownFileType = file.storyboard; name = Base; path = Base.lproj/LaunchScreen.storyboard; sourceTree = "<group>"; };
		79CC2FCA1E7147E700151B6D /* Info.plist */ = {isa = PBXFileReference; lastKnownFileType = text.plist.xml; path = Info.plist; sourceTree = "<group>"; };
		79CC2FD01E714DB900151B6D /* DAO.swift */ = {isa = PBXFileReference; fileEncoding = 4; lastKnownFileType = sourcecode.swift; name = DAO.swift; path = TestAccesseableREST/DAO.swift; sourceTree = "<group>"; };
		79CC2FD21E71504900151B6D /* JSONParser.swift */ = {isa = PBXFileReference; fileEncoding = 4; lastKnownFileType = sourcecode.swift; name = JSONParser.swift; path = TestAccesseableREST/JSONParser.swift; sourceTree = "<group>"; };
		79E4693F1E769974004B2FA9 /* Annotation.swift */ = {isa = PBXFileReference; fileEncoding = 4; lastKnownFileType = sourcecode.swift; path = Annotation.swift; sourceTree = "<group>"; };
/* End PBXFileReference section */

/* Begin PBXFrameworksBuildPhase section */
		79CC2FB51E7147E600151B6D /* Frameworks */ = {
			isa = PBXFrameworksBuildPhase;
			buildActionMask = 2147483647;
			files = (
			);
			runOnlyForDeploymentPostprocessing = 0;
		};
/* End PBXFrameworksBuildPhase section */

/* Begin PBXGroup section */
		79CC2FAF1E7147E600151B6D = {
			isa = PBXGroup;
			children = (
				79CC307B1E718AE000151B6D /* Sources */,
				79CC307A1E718AC700151B6D /* ViewControllers */,
				79CC2FF51E71869600151B6D /* images */,
				79CC2FBA1E7147E600151B6D /* TestAccesseableREST */,
				79CC2FB91E7147E600151B6D /* Products */,
			);
			sourceTree = "<group>";
		};
		79CC2FB91E7147E600151B6D /* Products */ = {
			isa = PBXGroup;
			children = (
				79CC2FB81E7147E600151B6D /* TestAccesseableREST.app */,
			);
			name = Products;
			sourceTree = "<group>";
		};
		79CC2FBA1E7147E600151B6D /* TestAccesseableREST */ = {
			isa = PBXGroup;
			children = (
				79CC2FBB1E7147E700151B6D /* AppDelegate.swift */,
				79CC2FBF1E7147E700151B6D /* Main.storyboard */,
				79CC2FC51E7147E700151B6D /* Assets.xcassets */,
				79CC2FC71E7147E700151B6D /* LaunchScreen.storyboard */,
				79CC2FCA1E7147E700151B6D /* Info.plist */,
				79CC2FC21E7147E700151B6D /* TestAccesseableREST.xcdatamodeld */,
			);
			path = TestAccesseableREST;
			sourceTree = "<group>";
		};
		79CC2FF51E71869600151B6D /* images */ = {
			isa = PBXGroup;
			children = (
				7925B9F11E7817D0000202FF /* Info copy.png */,
				7925B9F21E7817D0000202FF /* settings-512 copy.png */,
				494970071E77DD950022DF96 /* Info copy.png */,
				494970081E77DD950022DF96 /* settings-512 copy.png */,
				791DA64D1E72A3F40070CB0D /* about.png */,
				791DA64E1E72A3F40070CB0D /* abt.png */,
				791DA64F1E72A3F40070CB0D /* accesseable.png */,
				791DA6501E72A3F40070CB0D /* addFavoriet.png */,
				791DA6511E72A3F40070CB0D /* Apptile.png */,
				791DA6521E72A3F40070CB0D /* Back.png */,
				791DA6531E72A3F40070CB0D /* bg_min.jpg */,
				791DA6541E72A3F40070CB0D /* bike.png */,
				791DA6551E72A3F40070CB0D /* car.png */,
				791DA6561E72A3F40070CB0D /* dekust.png */,
				791DA6571E72A3F40070CB0D /* deleteFavoriet.png */,
				791DA6581E72A3F40070CB0D /* duim_groen.png */,
				791DA6591E72A3F40070CB0D /* duim_oranje.png */,
				791DA65A1E72A3F40070CB0D /* duim_rood.png */,
				791DA65B1E72A3F40070CB0D /* Erasmus.png */,
				791DA65C1E72A3F40070CB0D /* favorites.png */,
				791DA65D1E72A3F40070CB0D /* fvrts.png */,
				791DA65E1E72A3F40070CB0D /* helling.png */,
				791DA65F1E72A3F40070CB0D /* home.png */,
				791DA6601E72A3F40070CB0D /* inDeBuurt.png */,
				791DA6611E72A3F40070CB0D /* Info.png */,
				791DA6621E72A3F40070CB0D /* inter.png */,
				791DA6631E72A3F40070CB0D /* label_a_neutraal.jpg */,
				791DA6641E72A3F40070CB0D /* label_a_plus.jpg */,
				791DA6651E72A3F40070CB0D /* label_informatief.jpg */,
				791DA6661E72A3F40070CB0D /* m1.png */,
				791DA6671E72A3F40070CB0D /* m2.png */,
				791DA6681E72A3F40070CB0D /* m3.png */,
				791DA6691E72A3F40070CB0D /* m4.png */,
				791DA66A1E72A3F40070CB0D /* m5.png */,
				791DA66B1E72A3F40070CB0D /* min_inv.png */,
				791DA66C1E72A3F40070CB0D /* min.png */,
				791DA66D1E72A3F40070CB0D /* myMarker.png */,
				791DA66E1E72A3F40070CB0D /* parking.png */,
				791DA66F1E72A3F40070CB0D /* pijl.svg */,
				791DA6701E72A3F40070CB0D /* PlaceIcon.png */,
				791DA6711E72A3F40070CB0D /* plus_inv.png */,
				791DA6721E72A3F40070CB0D /* plus.png */,
				791DA6731E72A3F40070CB0D /* POI.png */,
				791DA6741E72A3F40070CB0D /* profielTop.png */,
				791DA6751E72A3F40070CB0D /* profile.png */,
				791DA6761E72A3F40070CB0D /* recent_Kleur.png */,
				791DA6771E72A3F40070CB0D /* recent.png */,
				791DA6781E72A3F40070CB0D /* RecenteLocatie.png */,
				791DA6791E72A3F40070CB0D /* Restaurant.png */,
				791DA67A1E72A3F40070CB0D /* Sanitair.png */,
				791DA67B1E72A3F40070CB0D /* search_transp_white.png */,
				791DA67C1E72A3F40070CB0D /* search.png */,
				791DA67D1E72A3F40070CB0D /* settings.png */,
				791DA67E1E72A3F40070CB0D /* sleep.png */,
				791DA67F1E72A3F40070CB0D /* spinner.png */,
				791DA6801E72A3F40070CB0D /* State-of-the-art_full_hor.jpg */,
				791DA6811E72A3F40070CB0D /* tram.png */,
				791DA6821E72A3F40070CB0D /* voldoet.png */,
				791DA6831E72A3F40070CB0D /* voldoetNiet.png */,
				791DA6841E72A3F40070CB0D /* voldoetNietTransp.png */,
				791DA6851E72A3F40070CB0D /* voldoetNietTranspWhite.png */,
				791DA6861E72A3F40070CB0D /* voldoetTransp.png */,
				791DA6871E72A3F40070CB0D /* voldoetTranspWhite.png */,
				791DA6881E72A3F40070CB0D /* volgend.png */,
				791DA6891E72A3F40070CB0D /* vorig.png */,
				791DA68A1E72A3F40070CB0D /* walk.png */,
				791DA68B1E72A3F40070CB0D /* westvlaanderen.png */,
				791DA68C1E72A3F40070CB0D /* zeesterKleur.png */,
				791DA68D1E72A3F40070CB0D /* ZeesterKleurFavoriet.png */,
				791DA68E1E72A3F40070CB0D /* ZZZ.png */,
			);
			name = images;
			sourceTree = "<group>";
		};
		79CC307A1E718AC700151B6D /* ViewControllers */ = {
			isa = PBXGroup;
			children = (
				791DA6451E72A3DC0070CB0D /* BuurtViewController.swift */,
				79A923EB1E72BEDF0079B993 /* BuurtCategorieënViewController.swift */,
				791DA6461E72A3DC0070CB0D /* InfoViewController.swift */,
				791DA6471E72A3DC0070CB0D /* ViewController.swift */,
				791DA6481E72A3DC0070CB0D /* ZoekenViewController.swift */,
				79CC2FBD1E7147E700151B6D /* TramViewController.swift */,
			);
			name = ViewControllers;
			sourceTree = "<group>";
		};
		79CC307B1E718AE000151B6D /* Sources */ = {
			isa = PBXGroup;
			children = (
				79CC2FD01E714DB900151B6D /* DAO.swift */,
				79CC2FD21E71504900151B6D /* JSONParser.swift */,
				79E4693F1E769974004B2FA9 /* Annotation.swift */,
				7925B9EB1E77FA7A000202FF /* DAOFavorieten.swift */,
				7925B9ED1E77FCEE000202FF /* DAORecent.swift */,
				7925B9EF1E77FCF6000202FF /* Recent.swift */,
				7925B9E91E77FA6D000202FF /* Favorieten.swift */,
			);
			name = Sources;
			sourceTree = "<group>";
		};
/* End PBXGroup section */

/* Begin PBXNativeTarget section */
		79CC2FB71E7147E600151B6D /* TestAccesseableREST */ = {
			isa = PBXNativeTarget;
			buildConfigurationList = 79CC2FCD1E7147E700151B6D /* Build configuration list for PBXNativeTarget "TestAccesseableREST" */;
			buildPhases = (
				79CC2FB41E7147E600151B6D /* Sources */,
				79CC2FB51E7147E600151B6D /* Frameworks */,
				79CC2FB61E7147E600151B6D /* Resources */,
			);
			buildRules = (
			);
			dependencies = (
			);
			name = TestAccesseableREST;
			productName = TestAccesseableREST;
			productReference = 79CC2FB81E7147E600151B6D /* TestAccesseableREST.app */;
			productType = "com.apple.product-type.application";
		};
/* End PBXNativeTarget section */

/* Begin PBXProject section */
		79CC2FB01E7147E600151B6D /* Project object */ = {
			isa = PBXProject;
			attributes = {
				LastSwiftUpdateCheck = 0820;
				LastUpgradeCheck = 0820;
				ORGANIZATIONNAME = mobapp06;
				TargetAttributes = {
					79CC2FB71E7147E600151B6D = {
						CreatedOnToolsVersion = 8.2.1;
						ProvisioningStyle = Automatic;
					};
				};
			};
			buildConfigurationList = 79CC2FB31E7147E600151B6D /* Build configuration list for PBXProject "TestAccesseableREST" */;
			compatibilityVersion = "Xcode 3.2";
			developmentRegion = English;
			hasScannedForEncodings = 0;
			knownRegions = (
				en,
				Base,
			);
			mainGroup = 79CC2FAF1E7147E600151B6D;
			productRefGroup = 79CC2FB91E7147E600151B6D /* Products */;
			projectDirPath = "";
			projectRoot = "";
			targets = (
				79CC2FB71E7147E600151B6D /* TestAccesseableREST */,
			);
		};
/* End PBXProject section */

/* Begin PBXResourcesBuildPhase section */
		79CC2FB61E7147E600151B6D /* Resources */ = {
			isa = PBXResourcesBuildPhase;
			buildActionMask = 2147483647;
			files = (
				791DA6B81E72A3F50070CB0D /* recent_Kleur.png in Resources */,
				791DA6C11E72A3F50070CB0D /* spinner.png in Resources */,
				4949700A1E77DD950022DF96 /* settings-512 copy.png in Resources */,
				791DA6C01E72A3F50070CB0D /* sleep.png in Resources */,
				791DA6A91E72A3F50070CB0D /* m2.png in Resources */,
				791DA6991E72A3F50070CB0D /* deleteFavoriet.png in Resources */,
				791DA6BD1E72A3F50070CB0D /* search_transp_white.png in Resources */,
				791DA6C61E72A3F50070CB0D /* voldoetNietTransp.png in Resources */,
				791DA6BA1E72A3F50070CB0D /* RecenteLocatie.png in Resources */,
				791DA6A81E72A3F50070CB0D /* m1.png in Resources */,
				791DA6A01E72A3F50070CB0D /* helling.png in Resources */,
				791DA6B61E72A3F50070CB0D /* profielTop.png in Resources */,
				791DA6A51E72A3F50070CB0D /* label_a_neutraal.jpg in Resources */,
				791DA6A11E72A3F50070CB0D /* home.png in Resources */,
				791DA6C81E72A3F50070CB0D /* voldoetTransp.png in Resources */,
				791DA6981E72A3F50070CB0D /* dekust.png in Resources */,
				791DA6AF1E72A3F50070CB0D /* myMarker.png in Resources */,
				791DA69E1E72A3F50070CB0D /* favorites.png in Resources */,
				791DA6B41E72A3F50070CB0D /* plus.png in Resources */,
				791DA6A21E72A3F50070CB0D /* inDeBuurt.png in Resources */,
				791DA6CA1E72A3F50070CB0D /* volgend.png in Resources */,
				791DA6971E72A3F50070CB0D /* car.png in Resources */,
				791DA6CE1E72A3F50070CB0D /* zeesterKleur.png in Resources */,
				791DA6941E72A3F50070CB0D /* Back.png in Resources */,
				791DA6A41E72A3F50070CB0D /* inter.png in Resources */,
				791DA6AD1E72A3F50070CB0D /* min_inv.png in Resources */,
				791DA6B01E72A3F50070CB0D /* parking.png in Resources */,
				791DA69F1E72A3F50070CB0D /* fvrts.png in Resources */,
				791DA6CC1E72A3F50070CB0D /* walk.png in Resources */,
				79CC2FC91E7147E700151B6D /* LaunchScreen.storyboard in Resources */,
				791DA6B91E72A3F50070CB0D /* recent.png in Resources */,
				791DA6B71E72A3F50070CB0D /* profile.png in Resources */,
				791DA6B51E72A3F50070CB0D /* POI.png in Resources */,
				791DA6AE1E72A3F50070CB0D /* min.png in Resources */,
				791DA6921E72A3F50070CB0D /* addFavoriet.png in Resources */,
				791DA6C41E72A3F50070CB0D /* voldoet.png in Resources */,
				791DA6BB1E72A3F50070CB0D /* Restaurant.png in Resources */,
				791DA6911E72A3F50070CB0D /* accesseable.png in Resources */,
				791DA6CB1E72A3F50070CB0D /* vorig.png in Resources */,
				791DA6901E72A3F50070CB0D /* abt.png in Resources */,
				791DA6C51E72A3F50070CB0D /* voldoetNiet.png in Resources */,
				791DA69D1E72A3F50070CB0D /* Erasmus.png in Resources */,
				7925B9F41E7817D0000202FF /* settings-512 copy.png in Resources */,
				79CC2FC61E7147E700151B6D /* Assets.xcassets in Resources */,
				791DA6B31E72A3F50070CB0D /* plus_inv.png in Resources */,
				791DA6A31E72A3F50070CB0D /* Info.png in Resources */,
				791DA6931E72A3F50070CB0D /* Apptile.png in Resources */,
				791DA6961E72A3F50070CB0D /* bike.png in Resources */,
				791DA6BF1E72A3F50070CB0D /* settings.png in Resources */,
				791DA6C31E72A3F50070CB0D /* tram.png in Resources */,
				791DA6951E72A3F50070CB0D /* bg_min.jpg in Resources */,
				791DA6BE1E72A3F50070CB0D /* search.png in Resources */,
				791DA69C1E72A3F50070CB0D /* duim_rood.png in Resources */,
				79CC2FC11E7147E700151B6D /* Main.storyboard in Resources */,
				791DA69A1E72A3F50070CB0D /* duim_groen.png in Resources */,
				791DA6CD1E72A3F50070CB0D /* westvlaanderen.png in Resources */,
				791DA6D01E72A3F50070CB0D /* ZZZ.png in Resources */,
				791DA6AB1E72A3F50070CB0D /* m4.png in Resources */,
				791DA6B11E72A3F50070CB0D /* pijl.svg in Resources */,
				791DA6C21E72A3F50070CB0D /* State-of-the-art_full_hor.jpg in Resources */,
				791DA6C71E72A3F50070CB0D /* voldoetNietTranspWhite.png in Resources */,
				791DA6C91E72A3F50070CB0D /* voldoetTranspWhite.png in Resources */,
				791DA6BC1E72A3F50070CB0D /* Sanitair.png in Resources */,
				791DA6CF1E72A3F50070CB0D /* ZeesterKleurFavoriet.png in Resources */,
				791DA6AC1E72A3F50070CB0D /* m5.png in Resources */,
				791DA68F1E72A3F40070CB0D /* about.png in Resources */,
				791DA6AA1E72A3F50070CB0D /* m3.png in Resources */,
				791DA6A61E72A3F50070CB0D /* label_a_plus.jpg in Resources */,
				791DA6B21E72A3F50070CB0D /* PlaceIcon.png in Resources */,
				791DA69B1E72A3F50070CB0D /* duim_oranje.png in Resources */,
				791DA6A71E72A3F50070CB0D /* label_informatief.jpg in Resources */,
				494970091E77DD950022DF96 /* Info copy.png in Resources */,
				7925B9F31E7817D0000202FF /* Info copy.png in Resources */,
			);
			runOnlyForDeploymentPostprocessing = 0;
		};
/* End PBXResourcesBuildPhase section */

/* Begin PBXSourcesBuildPhase section */
		79CC2FB41E7147E600151B6D /* Sources */ = {
			isa = PBXSourcesBuildPhase;
			buildActionMask = 2147483647;
			files = (
				7925B9EC1E77FA7A000202FF /* DAOFavorieten.swift in Sources */,
				79CC2FD11E714DB900151B6D /* DAO.swift in Sources */,
				79CC2FD31E71504900151B6D /* JSONParser.swift in Sources */,
				79CC2FBE1E7147E700151B6D /* TramViewController.swift in Sources */,
				79E469401E769974004B2FA9 /* Annotation.swift in Sources */,
				7925B9EA1E77FA6D000202FF /* Favorieten.swift in Sources */,
				79A923EC1E72BEDF0079B993 /* BuurtCategorieënViewController.swift in Sources */,
				791DA64A1E72A3DC0070CB0D /* InfoViewController.swift in Sources */,
				79CC2FBC1E7147E700151B6D /* AppDelegate.swift in Sources */,
				79CC2FC41E7147E700151B6D /* TestAccesseableREST.xcdatamodeld in Sources */,
				791DA64B1E72A3DC0070CB0D /* ViewController.swift in Sources */,
				7925B9EE1E77FCEE000202FF /* DAORecent.swift in Sources */,
				791DA64C1E72A3DC0070CB0D /* ZoekenViewController.swift in Sources */,
				7925B9F01E77FCF6000202FF /* Recent.swift in Sources */,
				791DA6491E72A3DC0070CB0D /* BuurtViewController.swift in Sources */,
			);
			runOnlyForDeploymentPostprocessing = 0;
		};
/* End PBXSourcesBuildPhase section */

/* Begin PBXVariantGroup section */
		79CC2FBF1E7147E700151B6D /* Main.storyboard */ = {
			isa = PBXVariantGroup;
			children = (
				79CC2FC01E7147E700151B6D /* Base */,
			);
			name = Main.storyboard;
			sourceTree = "<group>";
		};
		79CC2FC71E7147E700151B6D /* LaunchScreen.storyboard */ = {
			isa = PBXVariantGroup;
			children = (
				79CC2FC81E7147E700151B6D /* Base */,
			);
			name = LaunchScreen.storyboard;
			sourceTree = "<group>";
		};
/* End PBXVariantGroup section */

/* Begin XCBuildConfiguration section */
		79CC2FCB1E7147E700151B6D /* Debug */ = {
			isa = XCBuildConfiguration;
			buildSettings = {
				ALWAYS_SEARCH_USER_PATHS = NO;
				CLANG_ANALYZER_NONNULL = YES;
				CLANG_CXX_LANGUAGE_STANDARD = "gnu++0x";
				CLANG_CXX_LIBRARY = "libc++";
				CLANG_ENABLE_MODULES = YES;
				CLANG_ENABLE_OBJC_ARC = YES;
				CLANG_WARN_BOOL_CONVERSION = YES;
				CLANG_WARN_CONSTANT_CONVERSION = YES;
				CLANG_WARN_DIRECT_OBJC_ISA_USAGE = YES_ERROR;
				CLANG_WARN_DOCUMENTATION_COMMENTS = YES;
				CLANG_WARN_EMPTY_BODY = YES;
				CLANG_WARN_ENUM_CONVERSION = YES;
				CLANG_WARN_INFINITE_RECURSION = YES;
				CLANG_WARN_INT_CONVERSION = YES;
				CLANG_WARN_OBJC_ROOT_CLASS = YES_ERROR;
				CLANG_WARN_SUSPICIOUS_MOVE = YES;
				CLANG_WARN_UNREACHABLE_CODE = YES;
				CLANG_WARN__DUPLICATE_METHOD_MATCH = YES;
				"CODE_SIGN_IDENTITY[sdk=iphoneos*]" = "iPhone Developer";
				COPY_PHASE_STRIP = NO;
				DEBUG_INFORMATION_FORMAT = dwarf;
				ENABLE_STRICT_OBJC_MSGSEND = YES;
				ENABLE_TESTABILITY = YES;
				GCC_C_LANGUAGE_STANDARD = gnu99;
				GCC_DYNAMIC_NO_PIC = NO;
				GCC_NO_COMMON_BLOCKS = YES;
				GCC_OPTIMIZATION_LEVEL = 0;
				GCC_PREPROCESSOR_DEFINITIONS = (
					"DEBUG=1",
					"$(inherited)",
				);
				GCC_WARN_64_TO_32_BIT_CONVERSION = YES;
				GCC_WARN_ABOUT_RETURN_TYPE = YES_ERROR;
				GCC_WARN_UNDECLARED_SELECTOR = YES;
				GCC_WARN_UNINITIALIZED_AUTOS = YES_AGGRESSIVE;
				GCC_WARN_UNUSED_FUNCTION = YES;
				GCC_WARN_UNUSED_VARIABLE = YES;
				IPHONEOS_DEPLOYMENT_TARGET = 10.2;
				MTL_ENABLE_DEBUG_INFO = YES;
				ONLY_ACTIVE_ARCH = YES;
				SDKROOT = iphoneos;
				SWIFT_ACTIVE_COMPILATION_CONDITIONS = DEBUG;
				SWIFT_OPTIMIZATION_LEVEL = "-Onone";
			};
			name = Debug;
		};
		79CC2FCC1E7147E700151B6D /* Release */ = {
			isa = XCBuildConfiguration;
			buildSettings = {
				ALWAYS_SEARCH_USER_PATHS = NO;
				CLANG_ANALYZER_NONNULL = YES;
				CLANG_CXX_LANGUAGE_STANDARD = "gnu++0x";
				CLANG_CXX_LIBRARY = "libc++";
				CLANG_ENABLE_MODULES = YES;
				CLANG_ENABLE_OBJC_ARC = YES;
				CLANG_WARN_BOOL_CONVERSION = YES;
				CLANG_WARN_CONSTANT_CONVERSION = YES;
				CLANG_WARN_DIRECT_OBJC_ISA_USAGE = YES_ERROR;
				CLANG_WARN_DOCUMENTATION_COMMENTS = YES;
				CLANG_WARN_EMPTY_BODY = YES;
				CLANG_WARN_ENUM_CONVERSION = YES;
				CLANG_WARN_INFINITE_RECURSION = YES;
				CLANG_WARN_INT_CONVERSION = YES;
				CLANG_WARN_OBJC_ROOT_CLASS = YES_ERROR;
				CLANG_WARN_SUSPICIOUS_MOVE = YES;
				CLANG_WARN_UNREACHABLE_CODE = YES;
				CLANG_WARN__DUPLICATE_METHOD_MATCH = YES;
				"CODE_SIGN_IDENTITY[sdk=iphoneos*]" = "iPhone Developer";
				COPY_PHASE_STRIP = NO;
				DEBUG_INFORMATION_FORMAT = "dwarf-with-dsym";
				ENABLE_NS_ASSERTIONS = NO;
				ENABLE_STRICT_OBJC_MSGSEND = YES;
				GCC_C_LANGUAGE_STANDARD = gnu99;
				GCC_NO_COMMON_BLOCKS = YES;
				GCC_WARN_64_TO_32_BIT_CONVERSION = YES;
				GCC_WARN_ABOUT_RETURN_TYPE = YES_ERROR;
				GCC_WARN_UNDECLARED_SELECTOR = YES;
				GCC_WARN_UNINITIALIZED_AUTOS = YES_AGGRESSIVE;
				GCC_WARN_UNUSED_FUNCTION = YES;
				GCC_WARN_UNUSED_VARIABLE = YES;
				IPHONEOS_DEPLOYMENT_TARGET = 10.2;
				MTL_ENABLE_DEBUG_INFO = NO;
				SDKROOT = iphoneos;
				SWIFT_OPTIMIZATION_LEVEL = "-Owholemodule";
				VALIDATE_PRODUCT = YES;
			};
			name = Release;
		};
		79CC2FCE1E7147E700151B6D /* Debug */ = {
			isa = XCBuildConfiguration;
			buildSettings = {
				ASSETCATALOG_COMPILER_APPICON_NAME = AppIcon;
				"CODE_SIGN_IDENTITY[sdk=iphoneos*]" = "iPhone Developer";
				DEVELOPMENT_TEAM = "";
				INFOPLIST_FILE = TestAccesseableREST/Info.plist;
				LD_RUNPATH_SEARCH_PATHS = "$(inherited) @executable_path/Frameworks";
				PRODUCT_BUNDLE_IDENTIFIER = be.rjh.TestAccesseableREST;
				PRODUCT_NAME = "$(TARGET_NAME)";
				SWIFT_VERSION = 3.0;
			};
			name = Debug;
		};
		79CC2FCF1E7147E700151B6D /* Release */ = {
			isa = XCBuildConfiguration;
			buildSettings = {
				ASSETCATALOG_COMPILER_APPICON_NAME = AppIcon;
				"CODE_SIGN_IDENTITY[sdk=iphoneos*]" = "iPhone Developer";
				DEVELOPMENT_TEAM = "";
				INFOPLIST_FILE = TestAccesseableREST/Info.plist;
				LD_RUNPATH_SEARCH_PATHS = "$(inherited) @executable_path/Frameworks";
				PRODUCT_BUNDLE_IDENTIFIER = be.rjh.TestAccesseableREST;
				PRODUCT_NAME = "$(TARGET_NAME)";
				SWIFT_VERSION = 3.0;
			};
			name = Release;
		};
/* End XCBuildConfiguration section */

/* Begin XCConfigurationList section */
		79CC2FB31E7147E600151B6D /* Build configuration list for PBXProject "TestAccesseableREST" */ = {
			isa = XCConfigurationList;
			buildConfigurations = (
				79CC2FCB1E7147E700151B6D /* Debug */,
				79CC2FCC1E7147E700151B6D /* Release */,
			);
			defaultConfigurationIsVisible = 0;
			defaultConfigurationName = Release;
		};
		79CC2FCD1E7147E700151B6D /* Build configuration list for PBXNativeTarget "TestAccesseableREST" */ = {
			isa = XCConfigurationList;
			buildConfigurations = (
				79CC2FCE1E7147E700151B6D /* Debug */,
				79CC2FCF1E7147E700151B6D /* Release */,
			);
			defaultConfigurationIsVisible = 0;
			defaultConfigurationName = Release;
		};
/* End XCConfigurationList section */

/* Begin XCVersionGroup section */
		79CC2FC21E7147E700151B6D /* TestAccesseableREST.xcdatamodeld */ = {
			isa = XCVersionGroup;
			children = (
				79CC2FC31E7147E700151B6D /* TestAccesseableREST.xcdatamodel */,
			);
			currentVersion = 79CC2FC31E7147E700151B6D /* TestAccesseableREST.xcdatamodel */;
			path = TestAccesseableREST.xcdatamodeld;
			sourceTree = "<group>";
			versionGroupType = wrapper.xcdatamodel;
		};
/* End XCVersionGroup section */
	};
	rootObject = 79CC2FB01E7147E600151B6D /* Project object */;
}
